
Microsoft Visual Studio Solution File, Format Version 12.00
# Visual Studio Version 16
VisualStudioVersion = 16.0.31515.178
MinimumVisualStudioVersion = 10.0.40219.1
Project("{9A19103F-16F7-4668-BE54-9A1E7A4F7556}") = "API", "API\API.csproj", "{DCB32238-3844-47C3-9586-2F5D98C3A8AE}"
EndProject
Project("{2150E333-8FDC-42A3-9474-1A3956D46DE8}") = "DAL", "DAL", "{08B4F2F6-DE8C-4063-8B2F-2FC87739A9CD}"
EndProject
Project("{9A19103F-16F7-4668-BE54-9A1E7A4F7556}") = "API.DAL", "API.DAL\API.DAL.csproj", "{7E404FF4-63AB-43B3-A583-6916DFE198BB}"
EndProject
Project("{2150E333-8FDC-42A3-9474-1A3956D46DE8}") = "Domain", "Domain", "{5CD35C34-C435-4080-8969-A430C5E13785}"
EndProject
Project("{9A19103F-16F7-4668-BE54-9A1E7A4F7556}") = "API.Domain", "API.Domain\API.Domain.csproj", "{01B6FB57-74CD-478F-8DB1-DD9C73267487}"
EndProject
Project("{2150E333-8FDC-42A3-9474-1A3956D46DE8}") = "Service", "Service", "{D25C6368-9CDE-43DE-8117-E63F146F1CEA}"
EndProject
Project("{9A19103F-16F7-4668-BE54-9A1E7A4F7556}") = "API.Service", "API.Service\API.Service.csproj", "{62337A7C-28EC-44AD-8F8B-BE0C718B2622}"
EndProject
Global
	GlobalSection(SolutionConfigurationPlatforms) = preSolution
		Debug|Any CPU = Debug|Any CPU
		Release|Any CPU = Release|Any CPU
	EndGlobalSection
	GlobalSection(ProjectConfigurationPlatforms) = postSolution
		{DCB32238-3844-47C3-9586-2F5D98C3A8AE}.Debug|Any CPU.ActiveCfg = Debug|Any CPU
		{DCB32238-3844-47C3-9586-2F5D98C3A8AE}.Debug|Any CPU.Build.0 = Debug|Any CPU
		{DCB32238-3844-47C3-9586-2F5D98C3A8AE}.Release|Any CPU.ActiveCfg = Release|Any CPU
		{DCB32238-3844-47C3-9586-2F5D98C3A8AE}.Release|Any CPU.Build.0 = Release|Any CPU
		{7E404FF4-63AB-43B3-A583-6916DFE198BB}.Debug|Any CPU.ActiveCfg = Debug|Any CPU
		{7E404FF4-63AB-43B3-A583-6916DFE198BB}.Debug|Any CPU.Build.0 = Debug|Any CPU
		{7E404FF4-63AB-43B3-A583-6916DFE198BB}.Release|Any CPU.ActiveCfg = Release|Any CPU
		{7E404FF4-63AB-43B3-A583-6916DFE198BB}.Release|Any CPU.Build.0 = Release|Any CPU
		{01B6FB57-74CD-478F-8DB1-DD9C73267487}.Debug|Any CPU.ActiveCfg = Debug|Any CPU
		{01B6FB57-74CD-478F-8DB1-DD9C73267487}.Debug|Any CPU.Build.0 = Debug|Any CPU
		{01B6FB57-74CD-478F-8DB1-DD9C73267487}.Release|Any CPU.ActiveCfg = Release|Any CPU
		{01B6FB57-74CD-478F-8DB1-DD9C73267487}.Release|Any CPU.Build.0 = Release|Any CPU
		{62337A7C-28EC-44AD-8F8B-BE0C718B2622}.Debug|Any CPU.ActiveCfg = Debug|Any CPU
		{62337A7C-28EC-44AD-8F8B-BE0C718B2622}.Debug|Any CPU.Build.0 = Debug|Any CPU
		{62337A7C-28EC-44AD-8F8B-BE0C718B2622}.Release|Any CPU.ActiveCfg = Release|Any CPU
		{62337A7C-28EC-44AD-8F8B-BE0C718B2622}.Release|Any CPU.Build.0 = Release|Any CPU
	EndGlobalSection
	GlobalSection(SolutionProperties) = preSolution
		HideSolutionNode = FALSE
	EndGlobalSection
	GlobalSection(NestedProjects) = preSolution
		{7E404FF4-63AB-43B3-A583-6916DFE198BB} = {08B4F2F6-DE8C-4063-8B2F-2FC87739A9CD}
		{01B6FB57-74CD-478F-8DB1-DD9C73267487} = {5CD35C34-C435-4080-8969-A430C5E13785}
		{62337A7C-28EC-44AD-8F8B-BE0C718B2622} = {D25C6368-9CDE-43DE-8117-E63F146F1CEA}
	EndGlobalSection
	GlobalSection(ExtensibilityGlobals) = postSolution
		SolutionGuid = {9DB3337E-DC41-4536-A110-2B843EDC8906}
	EndGlobalSection
EndGlobal
